// !$*UTF8*$!
{
	archiveVersion = 1;
	classes = {
	};
	objectVersion = 77;
	objects = {

/* Begin PBXBuildFile section */
		050F384C2DEEC2FA00E84F97 /* SwiftPixel.framework in Frameworks */ = {isa = PBXBuildFile; fileRef = 050F38492DEEC2F000E84F97 /* SwiftPixel.framework */; };
		050F384D2DEEC2FA00E84F97 /* SwiftPixel.framework in Embed Frameworks */ = {isa = PBXBuildFile; fileRef = 050F38492DEEC2F000E84F97 /* SwiftPixel.framework */; settings = {ATTRIBUTES = (CodeSignOnCopy, RemoveHeadersOnCopy, ); }; };
		05206B8F2DE0C41C00550A87 /* ImageProcessor.swift in Sources */ = {isa = PBXBuildFile; fileRef = 05206B8E2DE0C41800550A87 /* ImageProcessor.swift */; };
		0524AD7E2DF3450400180358 /* HistogramStatisticsView.swift in Sources */ = {isa = PBXBuildFile; fileRef = 0524AD7D2DF3450200180358 /* HistogramStatisticsView.swift */; };
		0524AD812DF3457D00180358 /* HistogramView.swift in Sources */ = {isa = PBXBuildFile; fileRef = 0524AD802DF3457C00180358 /* HistogramView.swift */; };
		05398CE32DEECF4F005904EC /* SwiftUtilities.framework in Frameworks */ = {isa = PBXBuildFile; fileRef = 05398CE22DEECF4F005904EC /* SwiftUtilities.framework */; };
		053C2E752DF6EE3300DA637A /* Slider.swift in Sources */ = {isa = PBXBuildFile; fileRef = 053C2E742DF6EE3200DA637A /* Slider.swift */; };
		056E5C512DDF1356003254C7 /* SwiftFITS.framework in Frameworks */ = {isa = PBXBuildFile; fileRef = 056E5C452DDF104D003254C7 /* SwiftFITS.framework */; };
		056E5C522DDF1356003254C7 /* SwiftFITS.framework in Embed Frameworks */ = {isa = PBXBuildFile; fileRef = 056E5C452DDF104D003254C7 /* SwiftFITS.framework */; settings = {ATTRIBUTES = (CodeSignOnCopy, RemoveHeadersOnCopy, ); }; };
		056E5C652DDFA8EE003254C7 /* UTType.swift in Sources */ = {isa = PBXBuildFile; fileRef = 056E5C642DDFA8EB003254C7 /* UTType.swift */; };
		0579B6122DF220D1002FDD47 /* FITSImageRenderer.swift in Sources */ = {isa = PBXBuildFile; fileRef = 0579B6112DF220CD002FDD47 /* FITSImageRenderer.swift */; };
		0579B6152DF23DB7002FDD47 /* FITSImage.swift in Sources */ = {isa = PBXBuildFile; fileRef = 0579B6142DF23DB3002FDD47 /* FITSImage.swift */; };
		0579B61A2DF24540002FDD47 /* FITSImageLoader.swift in Sources */ = {isa = PBXBuildFile; fileRef = 0579B6192DF2453C002FDD47 /* FITSImageLoader.swift */; };
		0579B61C2DF245E2002FDD47 /* FITSImageInfo.swift in Sources */ = {isa = PBXBuildFile; fileRef = 0579B61B2DF245DE002FDD47 /* FITSImageInfo.swift */; };
		0579B61E2DF249A1002FDD47 /* FITSImageSection.swift in Sources */ = {isa = PBXBuildFile; fileRef = 0579B61D2DF24998002FDD47 /* FITSImageSection.swift */; };
		0579B6202DF249AD002FDD47 /* FITSImageProperty.swift in Sources */ = {isa = PBXBuildFile; fileRef = 0579B61F2DF249A9002FDD47 /* FITSImageProperty.swift */; };
		0579B6222DF24C33002FDD47 /* InfoView.swift in Sources */ = {isa = PBXBuildFile; fileRef = 0579B6212DF24C31002FDD47 /* InfoView.swift */; };
		0579B6252DF2C149002FDD47 /* Preview Assets.xcassets in Resources */ = {isa = PBXBuildFile; fileRef = 0579B6232DF2C120002FDD47 /* Preview Assets.xcassets */; };
		0587FF0E2DDE64DF005DECEF /* Assets.xcassets in Resources */ = {isa = PBXBuildFile; fileRef = 0587FF092DDE64DF005DECEF /* Assets.xcassets */; };
		0587FF0F2DDE64DF005DECEF /* MainMenu.xib in Resources */ = {isa = PBXBuildFile; fileRef = 0587FF0C2DDE64DF005DECEF /* MainMenu.xib */; };
		0587FF132DDE64E0005DECEF /* FITScopeTests.swift in Sources */ = {isa = PBXBuildFile; fileRef = 0587FF112DDE64E0005DECEF /* FITScopeTests.swift */; };
		0587FF172DDE64E3005DECEF /* FITScopeUITests.swift in Sources */ = {isa = PBXBuildFile; fileRef = 0587FF142DDE64E3005DECEF /* FITScopeUITests.swift */; };
		0587FF182DDE64E3005DECEF /* FITScopeUITestsLaunchTests.swift in Sources */ = {isa = PBXBuildFile; fileRef = 0587FF152DDE64E3005DECEF /* FITScopeUITestsLaunchTests.swift */; };
		05986B482DF892D800A55E77 /* SliderGridRowView.swift in Sources */ = {isa = PBXBuildFile; fileRef = 05986B472DF892D300A55E77 /* SliderGridRowView.swift */; };
		05BD7A912DF3119400F4AAFC /* ImageControlsView.swift in Sources */ = {isa = PBXBuildFile; fileRef = 05BD7A902DF3119000F4AAFC /* ImageControlsView.swift */; };
		05BD7A942DF311F700F4AAFC /* DebayerControlView.swift in Sources */ = {isa = PBXBuildFile; fileRef = 05BD7A932DF311F200F4AAFC /* DebayerControlView.swift */; };
		05BD7A962DF3120400F4AAFC /* GammaCorrectionControlView.swift in Sources */ = {isa = PBXBuildFile; fileRef = 05BD7A952DF3120100F4AAFC /* GammaCorrectionControlView.swift */; };
		05BD7A982DF3120E00F4AAFC /* StretchControlView.swift in Sources */ = {isa = PBXBuildFile; fileRef = 05BD7A972DF3120600F4AAFC /* StretchControlView.swift */; };
		05BD7A9A2DF3121600F4AAFC /* WhiteBalanceControlView.swift in Sources */ = {isa = PBXBuildFile; fileRef = 05BD7A992DF3121100F4AAFC /* WhiteBalanceControlView.swift */; };
		05BD7A9C2DF3121B00F4AAFC /* HistogramControlView.swift in Sources */ = {isa = PBXBuildFile; fileRef = 05BD7A9B2DF3121800F4AAFC /* HistogramControlView.swift */; };
		05C4BD722DF2C9A200326B69 /* SearchField.swift in Sources */ = {isa = PBXBuildFile; fileRef = 05C4BD712DF2C9A000326B69 /* SearchField.swift */; };
		05C4BD742DF2E4FD00326B69 /* InfoViewTable.swift in Sources */ = {isa = PBXBuildFile; fileRef = 05C4BD732DF2E4F500326B69 /* InfoViewTable.swift */; };
		05C4BD762DF2E62500326B69 /* PreviewHelper.swift in Sources */ = {isa = PBXBuildFile; fileRef = 05C4BD752DF2E62200326B69 /* PreviewHelper.swift */; };
		05C4BD782DF2E7D600326B69 /* InfoViewTableCell.swift in Sources */ = {isa = PBXBuildFile; fileRef = 05C4BD772DF2E7D000326B69 /* InfoViewTableCell.swift */; };
		05D710C62DF2007D00CE32E3 /* FITScopeApp.swift in Sources */ = {isa = PBXBuildFile; fileRef = 05D710C42DF2007D00CE32E3 /* FITScopeApp.swift */; };
		05D710CB2DF200EF00CE32E3 /* DocumentView.swift in Sources */ = {isa = PBXBuildFile; fileRef = 05D710CA2DF200EE00CE32E3 /* DocumentView.swift */; };
		05D710CE2DF2012500CE32E3 /* AboutView.swift in Sources */ = {isa = PBXBuildFile; fileRef = 05D710CC2DF2012500CE32E3 /* AboutView.swift */; };
		05D710D02DF201C300CE32E3 /* NSBundle.swift in Sources */ = {isa = PBXBuildFile; fileRef = 05D710CF2DF201C100CE32E3 /* NSBundle.swift */; };
		05D710D22DF2049B00CE32E3 /* FITSDocument.swift in Sources */ = {isa = PBXBuildFile; fileRef = 05D710D12DF2049800CE32E3 /* FITSDocument.swift */; };
		05DC79A12DF2F82A003E2AFA /* ErrorView.swift in Sources */ = {isa = PBXBuildFile; fileRef = 05DC79A02DF2F827003E2AFA /* ErrorView.swift */; };
		05DC79A32DF2FCF8003E2AFA /* LoadingView.swift in Sources */ = {isa = PBXBuildFile; fileRef = 05DC79A22DF2FCF4003E2AFA /* LoadingView.swift */; };
		05DC79A52DF3050B003E2AFA /* ImageView.swift in Sources */ = {isa = PBXBuildFile; fileRef = 05DC79A42DF30503003E2AFA /* ImageView.swift */; };
		05DC79A72DF30DCC003E2AFA /* 2025-03-02_21-20-31_G252_B1x1_O7_T-9.80_F_10.00s_0000_H3.69.fits in Resources */ = {isa = PBXBuildFile; fileRef = 05DC79A62DF30DCC003E2AFA /* 2025-03-02_21-20-31_G252_B1x1_O7_T-9.80_F_10.00s_0000_H3.69.fits */; };
		05DC79A92DF30DDB003E2AFA /* FOSy19g0309t_c2f.fits in Resources */ = {isa = PBXBuildFile; fileRef = 05DC79A82DF30DDB003E2AFA /* FOSy19g0309t_c2f.fits */; };
/* End PBXBuildFile section */

/* Begin PBXContainerItemProxy section */
		050F38482DEEC2F000E84F97 /* PBXContainerItemProxy */ = {
			isa = PBXContainerItemProxy;
			containerPortal = 050F383F2DEEC2F000E84F97 /* SwiftPixel.xcodeproj */;
			proxyType = 2;
			remoteGlobalIDString = 05C527822DD8E36300843626;
			remoteInfo = SwiftPixel;
		};
		053BEAB22DDDDDA900EF0C79 /* PBXContainerItemProxy */ = {
			isa = PBXContainerItemProxy;
			containerPortal = 053BEA9A2DDDDDA800EF0C79 /* Project object */;
			proxyType = 1;
			remoteGlobalIDString = 053BEAA12DDDDDA800EF0C79;
			remoteInfo = FITScope;
		};
		053BEABC2DDDDDA900EF0C79 /* PBXContainerItemProxy */ = {
			isa = PBXContainerItemProxy;
			containerPortal = 053BEA9A2DDDDDA800EF0C79 /* Project object */;
			proxyType = 1;
			remoteGlobalIDString = 053BEAA12DDDDDA800EF0C79;
			remoteInfo = FITScope;
		};
		056E5C442DDF104D003254C7 /* PBXContainerItemProxy */ = {
			isa = PBXContainerItemProxy;
			containerPortal = 056E5C3F2DDF104D003254C7 /* SwiftFITS.xcodeproj */;
			proxyType = 2;
			remoteGlobalIDString = 05C527822DD8E36300843626;
			remoteInfo = SwiftFITS;
		};
/* End PBXContainerItemProxy section */

/* Begin PBXCopyFilesBuildPhase section */
		056E5C532DDF1356003254C7 /* Embed Frameworks */ = {
			isa = PBXCopyFilesBuildPhase;
			buildActionMask = 2147483647;
			dstPath = "";
			dstSubfolderSpec = 10;
			files = (
				056E5C522DDF1356003254C7 /* SwiftFITS.framework in Embed Frameworks */,
				050F384D2DEEC2FA00E84F97 /* SwiftPixel.framework in Embed Frameworks */,
			);
			name = "Embed Frameworks";
			runOnlyForDeploymentPostprocessing = 0;
		};
/* End PBXCopyFilesBuildPhase section */

/* Begin PBXFileReference section */
		050F383F2DEEC2F000E84F97 /* SwiftPixel.xcodeproj */ = {isa = PBXFileReference; lastKnownFileType = "wrapper.pb-project"; name = SwiftPixel.xcodeproj; path = Submodules/SwiftPixel/SwiftPixel.xcodeproj; sourceTree = "<group>"; };
		05206B8E2DE0C41800550A87 /* ImageProcessor.swift */ = {isa = PBXFileReference; lastKnownFileType = sourcecode.swift; path = ImageProcessor.swift; sourceTree = "<group>"; };
		0524AD7D2DF3450200180358 /* HistogramStatisticsView.swift */ = {isa = PBXFileReference; lastKnownFileType = sourcecode.swift; path = HistogramStatisticsView.swift; sourceTree = "<group>"; };
		0524AD802DF3457C00180358 /* HistogramView.swift */ = {isa = PBXFileReference; lastKnownFileType = sourcecode.swift; path = HistogramView.swift; sourceTree = "<group>"; };
		05398CE22DEECF4F005904EC /* SwiftUtilities.framework */ = {isa = PBXFileReference; explicitFileType = wrapper.framework; path = SwiftUtilities.framework; sourceTree = BUILT_PRODUCTS_DIR; };
		053BEAA22DDDDDA800EF0C79 /* FITScope.app */ = {isa = PBXFileReference; explicitFileType = wrapper.application; includeInIndex = 0; path = FITScope.app; sourceTree = BUILT_PRODUCTS_DIR; };
		053BEAB12DDDDDA900EF0C79 /* FITScopeTests.xctest */ = {isa = PBXFileReference; explicitFileType = wrapper.cfbundle; includeInIndex = 0; path = FITScopeTests.xctest; sourceTree = BUILT_PRODUCTS_DIR; };
		053BEABB2DDDDDA900EF0C79 /* FITScopeUITests.xctest */ = {isa = PBXFileReference; explicitFileType = wrapper.cfbundle; includeInIndex = 0; path = FITScopeUITests.xctest; sourceTree = BUILT_PRODUCTS_DIR; };
		053C2E742DF6EE3200DA637A /* Slider.swift */ = {isa = PBXFileReference; lastKnownFileType = sourcecode.swift; path = Slider.swift; sourceTree = "<group>"; };
		056E5C002DDF0E8B003254C7 /* CODE_OF_CONDUCT.md */ = {isa = PBXFileReference; lastKnownFileType = net.daringfireball.markdown; path = CODE_OF_CONDUCT.md; sourceTree = "<group>"; };
		056E5C012DDF0E8B003254C7 /* LICENSE */ = {isa = PBXFileReference; lastKnownFileType = text; path = LICENSE; sourceTree = "<group>"; };
		056E5C022DDF0E8B003254C7 /* README.md */ = {isa = PBXFileReference; lastKnownFileType = net.daringfireball.markdown; path = README.md; sourceTree = "<group>"; };
		056E5C032DDF0EB5003254C7 /* ci-mac.yaml */ = {isa = PBXFileReference; lastKnownFileType = text.yaml; path = "ci-mac.yaml"; sourceTree = "<group>"; };
		056E5C052DDF0EB5003254C7 /* FUNDING.yml */ = {isa = PBXFileReference; lastKnownFileType = text.yaml; path = FUNDING.yml; sourceTree = "<group>"; };
		056E5C072DDF1041003254C7 /* FUNDING.yml */ = {isa = PBXFileReference; lastKnownFileType = text.yaml; path = FUNDING.yml; sourceTree = "<group>"; };
		056E5C092DDF1041003254C7 /* C++.xcconfig */ = {isa = PBXFileReference; lastKnownFileType = text.xcconfig; path = "C++.xcconfig"; sourceTree = "<group>"; };
		056E5C0A2DDF1041003254C7 /* Modules.xcconfig */ = {isa = PBXFileReference; lastKnownFileType = text.xcconfig; path = Modules.xcconfig; sourceTree = "<group>"; };
		056E5C0B2DDF1041003254C7 /* Objective-C.xcconfig */ = {isa = PBXFileReference; lastKnownFileType = text.xcconfig; path = "Objective-C.xcconfig"; sourceTree = "<group>"; };
		056E5C0D2DDF1041003254C7 /* All-Languages.xcconfig */ = {isa = PBXFileReference; lastKnownFileType = text.xcconfig; path = "All-Languages.xcconfig"; sourceTree = "<group>"; };
		056E5C0E2DDF1041003254C7 /* C++.xcconfig */ = {isa = PBXFileReference; lastKnownFileType = text.xcconfig; path = "C++.xcconfig"; sourceTree = "<group>"; };
		056E5C0F2DDF1041003254C7 /* Objective-C.xcconfig */ = {isa = PBXFileReference; lastKnownFileType = text.xcconfig; path = "Objective-C.xcconfig"; sourceTree = "<group>"; };
		056E5C102DDF1041003254C7 /* Objective-C-ARC.xcconfig */ = {isa = PBXFileReference; lastKnownFileType = text.xcconfig; path = "Objective-C-ARC.xcconfig"; sourceTree = "<group>"; };
		056E5C122DDF1041003254C7 /* Address-Sanitizer.xcconfig */ = {isa = PBXFileReference; lastKnownFileType = text.xcconfig; path = "Address-Sanitizer.xcconfig"; sourceTree = "<group>"; };
		056E5C132DDF1041003254C7 /* Code-Generation.xcconfig */ = {isa = PBXFileReference; lastKnownFileType = text.xcconfig; path = "Code-Generation.xcconfig"; sourceTree = "<group>"; };
		056E5C142DDF1041003254C7 /* Language.xcconfig */ = {isa = PBXFileReference; lastKnownFileType = text.xcconfig; path = Language.xcconfig; sourceTree = "<group>"; };
		056E5C152DDF1041003254C7 /* Preprocessing.xcconfig */ = {isa = PBXFileReference; lastKnownFileType = text.xcconfig; path = Preprocessing.xcconfig; sourceTree = "<group>"; };
		056E5C162DDF1041003254C7 /* Undefined-Behavior-Sanitizer.xcconfig */ = {isa = PBXFileReference; lastKnownFileType = text.xcconfig; path = "Undefined-Behavior-Sanitizer.xcconfig"; sourceTree = "<group>"; };
		056E5C172DDF1041003254C7 /* Warning-Policies.xcconfig */ = {isa = PBXFileReference; lastKnownFileType = text.xcconfig; path = "Warning-Policies.xcconfig"; sourceTree = "<group>"; };
		056E5C182DDF1041003254C7 /* Warnings.xcconfig */ = {isa = PBXFileReference; lastKnownFileType = text.xcconfig; path = Warnings.xcconfig; sourceTree = "<group>"; };
		056E5C1A2DDF1041003254C7 /* Analysis-Policy.xcconfig */ = {isa = PBXFileReference; lastKnownFileType = text.xcconfig; path = "Analysis-Policy.xcconfig"; sourceTree = "<group>"; };
		056E5C1B2DDF1041003254C7 /* Apple-APIs.xcconfig */ = {isa = PBXFileReference; lastKnownFileType = text.xcconfig; path = "Apple-APIs.xcconfig"; sourceTree = "<group>"; };
		056E5C1C2DDF1041003254C7 /* Generic-Issues.xcconfig */ = {isa = PBXFileReference; lastKnownFileType = text.xcconfig; path = "Generic-Issues.xcconfig"; sourceTree = "<group>"; };
		056E5C1D2DDF1041003254C7 /* Objective-C.xcconfig */ = {isa = PBXFileReference; lastKnownFileType = text.xcconfig; path = "Objective-C.xcconfig"; sourceTree = "<group>"; };
		056E5C1E2DDF1041003254C7 /* Security.xcconfig */ = {isa = PBXFileReference; lastKnownFileType = text.xcconfig; path = Security.xcconfig; sourceTree = "<group>"; };
		056E5C202DDF1041003254C7 /* Issues.xcconfig */ = {isa = PBXFileReference; lastKnownFileType = text.xcconfig; path = Issues.xcconfig; sourceTree = "<group>"; };
		056E5C222DDF1041003254C7 /* Code-Generation.xcconfig */ = {isa = PBXFileReference; lastKnownFileType = text.xcconfig; path = "Code-Generation.xcconfig"; sourceTree = "<group>"; };
		056E5C232DDF1041003254C7 /* General.xcconfig */ = {isa = PBXFileReference; lastKnownFileType = text.xcconfig; path = General.xcconfig; sourceTree = "<group>"; };
		056E5C242DDF1041003254C7 /* Language.xcconfig */ = {isa = PBXFileReference; lastKnownFileType = text.xcconfig; path = Language.xcconfig; sourceTree = "<group>"; };
		056E5C252DDF1041003254C7 /* Warnings-Policies.xcconfig */ = {isa = PBXFileReference; lastKnownFileType = text.xcconfig; path = "Warnings-Policies.xcconfig"; sourceTree = "<group>"; };
		056E5C272DDF1041003254C7 /* Apple-LLVM.xcconfig */ = {isa = PBXFileReference; lastKnownFileType = text.xcconfig; path = "Apple-LLVM.xcconfig"; sourceTree = "<group>"; };
		056E5C282DDF1041003254C7 /* Architectures.xcconfig */ = {isa = PBXFileReference; lastKnownFileType = text.xcconfig; path = Architectures.xcconfig; sourceTree = "<group>"; };
		056E5C292DDF1041003254C7 /* Build-Options.xcconfig */ = {isa = PBXFileReference; lastKnownFileType = text.xcconfig; path = "Build-Options.xcconfig"; sourceTree = "<group>"; };
		056E5C2A2DDF1041003254C7 /* Deployment.xcconfig */ = {isa = PBXFileReference; lastKnownFileType = text.xcconfig; path = Deployment.xcconfig; sourceTree = "<group>"; };
		056E5C2B2DDF1041003254C7 /* Search-Paths.xcconfig */ = {isa = PBXFileReference; lastKnownFileType = text.xcconfig; path = "Search-Paths.xcconfig"; sourceTree = "<group>"; };
		056E5C2C2DDF1041003254C7 /* Signing.xcconfig */ = {isa = PBXFileReference; lastKnownFileType = text.xcconfig; path = Signing.xcconfig; sourceTree = "<group>"; };
		056E5C2D2DDF1041003254C7 /* Static-Analyzer.xcconfig */ = {isa = PBXFileReference; lastKnownFileType = text.xcconfig; path = "Static-Analyzer.xcconfig"; sourceTree = "<group>"; };
		056E5C2E2DDF1041003254C7 /* Swift-Compiler.xcconfig */ = {isa = PBXFileReference; lastKnownFileType = text.xcconfig; path = "Swift-Compiler.xcconfig"; sourceTree = "<group>"; };
		056E5C302DDF1041003254C7 /* ccache.sh */ = {isa = PBXFileReference; lastKnownFileType = text.script.sh; path = ccache.sh; sourceTree = "<group>"; };
		056E5C312DDF1041003254C7 /* ccache-config.sh */ = {isa = PBXFileReference; lastKnownFileType = text.script.sh; path = "ccache-config.sh"; sourceTree = "<group>"; };
		056E5C332DDF1041003254C7 /* .gitignore */ = {isa = PBXFileReference; lastKnownFileType = text; path = .gitignore; sourceTree = "<group>"; };
		056E5C342DDF1041003254C7 /* CODE_OF_CONDUCT.md */ = {isa = PBXFileReference; lastKnownFileType = net.daringfireball.markdown; path = CODE_OF_CONDUCT.md; sourceTree = "<group>"; };
		056E5C352DDF1041003254C7 /* Common.xcconfig */ = {isa = PBXFileReference; lastKnownFileType = text.xcconfig; path = Common.xcconfig; sourceTree = "<group>"; };
		056E5C362DDF1041003254C7 /* Debug.xcconfig */ = {isa = PBXFileReference; lastKnownFileType = text.xcconfig; path = Debug.xcconfig; sourceTree = "<group>"; };
		056E5C372DDF1041003254C7 /* Debug - ccache.xcconfig */ = {isa = PBXFileReference; lastKnownFileType = text.xcconfig; path = "Debug - ccache.xcconfig"; sourceTree = "<group>"; };
		056E5C382DDF1041003254C7 /* Debug - Library.xcconfig */ = {isa = PBXFileReference; lastKnownFileType = text.xcconfig; path = "Debug - Library.xcconfig"; sourceTree = "<group>"; };
		056E5C392DDF1041003254C7 /* Debug - zld.xcconfig */ = {isa = PBXFileReference; lastKnownFileType = text.xcconfig; path = "Debug - zld.xcconfig"; sourceTree = "<group>"; };
		056E5C3A2DDF1041003254C7 /* README.md */ = {isa = PBXFileReference; lastKnownFileType = net.daringfireball.markdown; path = README.md; sourceTree = "<group>"; };
		056E5C3B2DDF1041003254C7 /* Release.xcconfig */ = {isa = PBXFileReference; lastKnownFileType = text.xcconfig; path = Release.xcconfig; sourceTree = "<group>"; };
		056E5C3C2DDF1041003254C7 /* Release - ccache.xcconfig */ = {isa = PBXFileReference; lastKnownFileType = text.xcconfig; path = "Release - ccache.xcconfig"; sourceTree = "<group>"; };
		056E5C3D2DDF1041003254C7 /* Release - Library.xcconfig */ = {isa = PBXFileReference; lastKnownFileType = text.xcconfig; path = "Release - Library.xcconfig"; sourceTree = "<group>"; };
		056E5C3F2DDF104D003254C7 /* SwiftFITS.xcodeproj */ = {isa = PBXFileReference; lastKnownFileType = "wrapper.pb-project"; name = SwiftFITS.xcodeproj; path = Submodules/SwiftFITS/SwiftFITS.xcodeproj; sourceTree = "<group>"; };
		056E5C4E2DDF130E003254C7 /* Info.plist */ = {isa = PBXFileReference; lastKnownFileType = text.plist.xml; path = Info.plist; sourceTree = "<group>"; };
		056E5C642DDFA8EB003254C7 /* UTType.swift */ = {isa = PBXFileReference; lastKnownFileType = sourcecode.swift; path = UTType.swift; sourceTree = "<group>"; };
		0579B6112DF220CD002FDD47 /* FITSImageRenderer.swift */ = {isa = PBXFileReference; lastKnownFileType = sourcecode.swift; path = FITSImageRenderer.swift; sourceTree = "<group>"; };
		0579B6142DF23DB3002FDD47 /* FITSImage.swift */ = {isa = PBXFileReference; lastKnownFileType = sourcecode.swift; path = FITSImage.swift; sourceTree = "<group>"; };
		0579B6192DF2453C002FDD47 /* FITSImageLoader.swift */ = {isa = PBXFileReference; lastKnownFileType = sourcecode.swift; path = FITSImageLoader.swift; sourceTree = "<group>"; };
		0579B61B2DF245DE002FDD47 /* FITSImageInfo.swift */ = {isa = PBXFileReference; lastKnownFileType = sourcecode.swift; path = FITSImageInfo.swift; sourceTree = "<group>"; };
		0579B61D2DF24998002FDD47 /* FITSImageSection.swift */ = {isa = PBXFileReference; lastKnownFileType = sourcecode.swift; path = FITSImageSection.swift; sourceTree = "<group>"; };
		0579B61F2DF249A9002FDD47 /* FITSImageProperty.swift */ = {isa = PBXFileReference; lastKnownFileType = sourcecode.swift; path = FITSImageProperty.swift; sourceTree = "<group>"; };
		0579B6212DF24C31002FDD47 /* InfoView.swift */ = {isa = PBXFileReference; lastKnownFileType = sourcecode.swift; path = InfoView.swift; sourceTree = "<group>"; };
		0579B6232DF2C120002FDD47 /* Preview Assets.xcassets */ = {isa = PBXFileReference; lastKnownFileType = folder.assetcatalog; path = "Preview Assets.xcassets"; sourceTree = "<group>"; };
		0587FF092DDE64DF005DECEF /* Assets.xcassets */ = {isa = PBXFileReference; lastKnownFileType = folder.assetcatalog; path = Assets.xcassets; sourceTree = "<group>"; };
		0587FF0A2DDE64DF005DECEF /* FITScope.entitlements */ = {isa = PBXFileReference; lastKnownFileType = text.plist.entitlements; path = FITScope.entitlements; sourceTree = "<group>"; };
		0587FF0B2DDE64DF005DECEF /* Base */ = {isa = PBXFileReference; lastKnownFileType = file.xib; name = Base; path = Base.lproj/MainMenu.xib; sourceTree = "<group>"; };
		0587FF112DDE64E0005DECEF /* FITScopeTests.swift */ = {isa = PBXFileReference; lastKnownFileType = sourcecode.swift; path = FITScopeTests.swift; sourceTree = "<group>"; };
		0587FF142DDE64E3005DECEF /* FITScopeUITests.swift */ = {isa = PBXFileReference; lastKnownFileType = sourcecode.swift; path = FITScopeUITests.swift; sourceTree = "<group>"; };
		0587FF152DDE64E3005DECEF /* FITScopeUITestsLaunchTests.swift */ = {isa = PBXFileReference; lastKnownFileType = sourcecode.swift; path = FITScopeUITestsLaunchTests.swift; sourceTree = "<group>"; };
		05986B472DF892D300A55E77 /* SliderGridRowView.swift */ = {isa = PBXFileReference; lastKnownFileType = sourcecode.swift; path = SliderGridRowView.swift; sourceTree = "<group>"; };
		05BD7A902DF3119000F4AAFC /* ImageControlsView.swift */ = {isa = PBXFileReference; lastKnownFileType = sourcecode.swift; path = ImageControlsView.swift; sourceTree = "<group>"; };
		05BD7A932DF311F200F4AAFC /* DebayerControlView.swift */ = {isa = PBXFileReference; lastKnownFileType = sourcecode.swift; path = DebayerControlView.swift; sourceTree = "<group>"; };
		05BD7A952DF3120100F4AAFC /* GammaCorrectionControlView.swift */ = {isa = PBXFileReference; lastKnownFileType = sourcecode.swift; path = GammaCorrectionControlView.swift; sourceTree = "<group>"; };
		05BD7A972DF3120600F4AAFC /* StretchControlView.swift */ = {isa = PBXFileReference; lastKnownFileType = sourcecode.swift; path = StretchControlView.swift; sourceTree = "<group>"; };
		05BD7A992DF3121100F4AAFC /* WhiteBalanceControlView.swift */ = {isa = PBXFileReference; lastKnownFileType = sourcecode.swift; path = WhiteBalanceControlView.swift; sourceTree = "<group>"; };
		05BD7A9B2DF3121800F4AAFC /* HistogramControlView.swift */ = {isa = PBXFileReference; lastKnownFileType = sourcecode.swift; path = HistogramControlView.swift; sourceTree = "<group>"; };
		05C4BD712DF2C9A000326B69 /* SearchField.swift */ = {isa = PBXFileReference; lastKnownFileType = sourcecode.swift; path = SearchField.swift; sourceTree = "<group>"; };
		05C4BD732DF2E4F500326B69 /* InfoViewTable.swift */ = {isa = PBXFileReference; lastKnownFileType = sourcecode.swift; path = InfoViewTable.swift; sourceTree = "<group>"; };
		05C4BD752DF2E62200326B69 /* PreviewHelper.swift */ = {isa = PBXFileReference; lastKnownFileType = sourcecode.swift; path = PreviewHelper.swift; sourceTree = "<group>"; };
		05C4BD772DF2E7D000326B69 /* InfoViewTableCell.swift */ = {isa = PBXFileReference; lastKnownFileType = sourcecode.swift; path = InfoViewTableCell.swift; sourceTree = "<group>"; };
		05D710C42DF2007D00CE32E3 /* FITScopeApp.swift */ = {isa = PBXFileReference; lastKnownFileType = sourcecode.swift; path = FITScopeApp.swift; sourceTree = "<group>"; };
		05D710CA2DF200EE00CE32E3 /* DocumentView.swift */ = {isa = PBXFileReference; lastKnownFileType = sourcecode.swift; path = DocumentView.swift; sourceTree = "<group>"; };
		05D710CC2DF2012500CE32E3 /* AboutView.swift */ = {isa = PBXFileReference; lastKnownFileType = sourcecode.swift; path = AboutView.swift; sourceTree = "<group>"; };
		05D710CF2DF201C100CE32E3 /* NSBundle.swift */ = {isa = PBXFileReference; lastKnownFileType = sourcecode.swift; path = NSBundle.swift; sourceTree = "<group>"; };
		05D710D12DF2049800CE32E3 /* FITSDocument.swift */ = {isa = PBXFileReference; lastKnownFileType = sourcecode.swift; path = FITSDocument.swift; sourceTree = "<group>"; };
		05DC79A02DF2F827003E2AFA /* ErrorView.swift */ = {isa = PBXFileReference; lastKnownFileType = sourcecode.swift; path = ErrorView.swift; sourceTree = "<group>"; };
		05DC79A22DF2FCF4003E2AFA /* LoadingView.swift */ = {isa = PBXFileReference; lastKnownFileType = sourcecode.swift; path = LoadingView.swift; sourceTree = "<group>"; };
		05DC79A42DF30503003E2AFA /* ImageView.swift */ = {isa = PBXFileReference; lastKnownFileType = sourcecode.swift; path = ImageView.swift; sourceTree = "<group>"; };
		05DC79A62DF30DCC003E2AFA /* 2025-03-02_21-20-31_G252_B1x1_O7_T-9.80_F_10.00s_0000_H3.69.fits */ = {isa = PBXFileReference; lastKnownFileType = text; name = "2025-03-02_21-20-31_G252_B1x1_O7_T-9.80_F_10.00s_0000_H3.69.fits"; path = "Submodules/SwiftFITS/Test Files/2025-03-02_21-20-31_G252_B1x1_O7_T-9.80_F_10.00s_0000_H3.69.fits"; sourceTree = SOURCE_ROOT; };
		05DC79A82DF30DDB003E2AFA /* FOSy19g0309t_c2f.fits */ = {isa = PBXFileReference; lastKnownFileType = text; name = FOSy19g0309t_c2f.fits; path = "Submodules/SwiftFITS/Test Files/NASA/FOSy19g0309t_c2f.fits"; sourceTree = SOURCE_ROOT; };
		05E6184E2DE64C88007AED28 /* FITScope.xctestplan */ = {isa = PBXFileReference; lastKnownFileType = text; path = FITScope.xctestplan; sourceTree = "<group>"; };
/* End PBXFileReference section */

/* Begin PBXFrameworksBuildPhase section */
		053BEA9F2DDDDDA800EF0C79 /* Frameworks */ = {
			isa = PBXFrameworksBuildPhase;
			buildActionMask = 2147483647;
			files = (
				05398CE32DEECF4F005904EC /* SwiftUtilities.framework in Frameworks */,
				056E5C512DDF1356003254C7 /* SwiftFITS.framework in Frameworks */,
				050F384C2DEEC2FA00E84F97 /* SwiftPixel.framework in Frameworks */,
			);
			runOnlyForDeploymentPostprocessing = 0;
		};
		053BEAAE2DDDDDA900EF0C79 /* Frameworks */ = {
			isa = PBXFrameworksBuildPhase;
			buildActionMask = 2147483647;
			files = (
			);
			runOnlyForDeploymentPostprocessing = 0;
		};
		053BEAB82DDDDDA900EF0C79 /* Frameworks */ = {
			isa = PBXFrameworksBuildPhase;
			buildActionMask = 2147483647;
			files = (
			);
			runOnlyForDeploymentPostprocessing = 0;
		};
/* End PBXFrameworksBuildPhase section */

/* Begin PBXGroup section */
		050F38402DEEC2F000E84F97 /* Products */ = {
			isa = PBXGroup;
			children = (
				050F38492DEEC2F000E84F97 /* SwiftPixel.framework */,
			);
			name = Products;
			sourceTree = "<group>";
		};
		05206B8A2DE0A0D900550A87 /* Extensions */ = {
			isa = PBXGroup;
			children = (
				05D710CF2DF201C100CE32E3 /* NSBundle.swift */,
				056E5C642DDFA8EB003254C7 /* UTType.swift */,
			);
			path = Extensions;
			sourceTree = "<group>";
		};
		05206B8D2DE0C41000550A87 /* Image */ = {
			isa = PBXGroup;
			children = (
				05206B8E2DE0C41800550A87 /* ImageProcessor.swift */,
			);
			path = Image;
			sourceTree = "<group>";
		};
		053BEA992DDDDDA800EF0C79 = {
			isa = PBXGroup;
			children = (
				056E5C022DDF0E8B003254C7 /* README.md */,
				056E5C012DDF0E8B003254C7 /* LICENSE */,
				056E5C002DDF0E8B003254C7 /* CODE_OF_CONDUCT.md */,
				05E6184E2DE64C88007AED28 /* FITScope.xctestplan */,
				050F383F2DEEC2F000E84F97 /* SwiftPixel.xcodeproj */,
				056E5C3F2DDF104D003254C7 /* SwiftFITS.xcodeproj */,
				056E5C3E2DDF1041003254C7 /* xcconfig */,
				056E5C062DDF0EB5003254C7 /* .github */,
				0587FF0D2DDE64DF005DECEF /* FITScope */,
				0587FF122DDE64E0005DECEF /* FITScopeTests */,
				0587FF162DDE64E3005DECEF /* FITScopeUITests */,
				056E5C4F2DDF134F003254C7 /* Frameworks */,
				053BEAA32DDDDDA800EF0C79 /* Products */,
			);
			sourceTree = "<group>";
		};
		053BEAA32DDDDDA800EF0C79 /* Products */ = {
			isa = PBXGroup;
			children = (
				053BEAA22DDDDDA800EF0C79 /* FITScope.app */,
				053BEAB12DDDDDA900EF0C79 /* FITScopeTests.xctest */,
				053BEABB2DDDDDA900EF0C79 /* FITScopeUITests.xctest */,
			);
			name = Products;
			sourceTree = "<group>";
		};
		056E5C042DDF0EB5003254C7 /* workflows */ = {
			isa = PBXGroup;
			children = (
				056E5C032DDF0EB5003254C7 /* ci-mac.yaml */,
			);
			path = workflows;
			sourceTree = "<group>";
		};
		056E5C062DDF0EB5003254C7 /* .github */ = {
			isa = PBXGroup;
			children = (
				056E5C042DDF0EB5003254C7 /* workflows */,
				056E5C052DDF0EB5003254C7 /* FUNDING.yml */,
			);
			path = .github;
			sourceTree = "<group>";
		};
		056E5C082DDF1041003254C7 /* .github */ = {
			isa = PBXGroup;
			children = (
				056E5C072DDF1041003254C7 /* FUNDING.yml */,
			);
			path = .github;
			sourceTree = "<group>";
		};
		056E5C0C2DDF1041003254C7 /* Language */ = {
			isa = PBXGroup;
			children = (
				056E5C092DDF1041003254C7 /* C++.xcconfig */,
				056E5C0A2DDF1041003254C7 /* Modules.xcconfig */,
				056E5C0B2DDF1041003254C7 /* Objective-C.xcconfig */,
			);
			path = Language;
			sourceTree = "<group>";
		};
		056E5C112DDF1041003254C7 /* Warnings */ = {
			isa = PBXGroup;
			children = (
				056E5C0D2DDF1041003254C7 /* All-Languages.xcconfig */,
				056E5C0E2DDF1041003254C7 /* C++.xcconfig */,
				056E5C0F2DDF1041003254C7 /* Objective-C.xcconfig */,
				056E5C102DDF1041003254C7 /* Objective-C-ARC.xcconfig */,
			);
			path = Warnings;
			sourceTree = "<group>";
		};
		056E5C192DDF1041003254C7 /* Apple-LLVM */ = {
			isa = PBXGroup;
			children = (
				056E5C0C2DDF1041003254C7 /* Language */,
				056E5C112DDF1041003254C7 /* Warnings */,
				056E5C122DDF1041003254C7 /* Address-Sanitizer.xcconfig */,
				056E5C132DDF1041003254C7 /* Code-Generation.xcconfig */,
				056E5C142DDF1041003254C7 /* Language.xcconfig */,
				056E5C152DDF1041003254C7 /* Preprocessing.xcconfig */,
				056E5C162DDF1041003254C7 /* Undefined-Behavior-Sanitizer.xcconfig */,
				056E5C172DDF1041003254C7 /* Warning-Policies.xcconfig */,
				056E5C182DDF1041003254C7 /* Warnings.xcconfig */,
			);
			path = "Apple-LLVM";
			sourceTree = "<group>";
		};
		056E5C1F2DDF1041003254C7 /* Issues */ = {
			isa = PBXGroup;
			children = (
				056E5C1A2DDF1041003254C7 /* Analysis-Policy.xcconfig */,
				056E5C1B2DDF1041003254C7 /* Apple-APIs.xcconfig */,
				056E5C1C2DDF1041003254C7 /* Generic-Issues.xcconfig */,
				056E5C1D2DDF1041003254C7 /* Objective-C.xcconfig */,
				056E5C1E2DDF1041003254C7 /* Security.xcconfig */,
			);
			path = Issues;
			sourceTree = "<group>";
		};
		056E5C212DDF1041003254C7 /* Static-Analyzer */ = {
			isa = PBXGroup;
			children = (
				056E5C1F2DDF1041003254C7 /* Issues */,
				056E5C202DDF1041003254C7 /* Issues.xcconfig */,
			);
			path = "Static-Analyzer";
			sourceTree = "<group>";
		};
		056E5C262DDF1041003254C7 /* Swift-Compiler */ = {
			isa = PBXGroup;
			children = (
				056E5C222DDF1041003254C7 /* Code-Generation.xcconfig */,
				056E5C232DDF1041003254C7 /* General.xcconfig */,
				056E5C242DDF1041003254C7 /* Language.xcconfig */,
				056E5C252DDF1041003254C7 /* Warnings-Policies.xcconfig */,
			);
			path = "Swift-Compiler";
			sourceTree = "<group>";
		};
		056E5C2F2DDF1041003254C7 /* Common */ = {
			isa = PBXGroup;
			children = (
				056E5C192DDF1041003254C7 /* Apple-LLVM */,
				056E5C212DDF1041003254C7 /* Static-Analyzer */,
				056E5C262DDF1041003254C7 /* Swift-Compiler */,
				056E5C272DDF1041003254C7 /* Apple-LLVM.xcconfig */,
				056E5C282DDF1041003254C7 /* Architectures.xcconfig */,
				056E5C292DDF1041003254C7 /* Build-Options.xcconfig */,
				056E5C2A2DDF1041003254C7 /* Deployment.xcconfig */,
				056E5C2B2DDF1041003254C7 /* Search-Paths.xcconfig */,
				056E5C2C2DDF1041003254C7 /* Signing.xcconfig */,
				056E5C2D2DDF1041003254C7 /* Static-Analyzer.xcconfig */,
				056E5C2E2DDF1041003254C7 /* Swift-Compiler.xcconfig */,
			);
			path = Common;
			sourceTree = "<group>";
		};
		056E5C322DDF1041003254C7 /* Scripts */ = {
			isa = PBXGroup;
			children = (
				056E5C302DDF1041003254C7 /* ccache.sh */,
				056E5C312DDF1041003254C7 /* ccache-config.sh */,
			);
			path = Scripts;
			sourceTree = "<group>";
		};
		056E5C3E2DDF1041003254C7 /* xcconfig */ = {
			isa = PBXGroup;
			children = (
				056E5C082DDF1041003254C7 /* .github */,
				056E5C2F2DDF1041003254C7 /* Common */,
				056E5C322DDF1041003254C7 /* Scripts */,
				056E5C332DDF1041003254C7 /* .gitignore */,
				056E5C342DDF1041003254C7 /* CODE_OF_CONDUCT.md */,
				056E5C352DDF1041003254C7 /* Common.xcconfig */,
				056E5C362DDF1041003254C7 /* Debug.xcconfig */,
				056E5C372DDF1041003254C7 /* Debug - ccache.xcconfig */,
				056E5C382DDF1041003254C7 /* Debug - Library.xcconfig */,
				056E5C392DDF1041003254C7 /* Debug - zld.xcconfig */,
				056E5C3A2DDF1041003254C7 /* README.md */,
				056E5C3B2DDF1041003254C7 /* Release.xcconfig */,
				056E5C3C2DDF1041003254C7 /* Release - ccache.xcconfig */,
				056E5C3D2DDF1041003254C7 /* Release - Library.xcconfig */,
			);
			name = xcconfig;
			path = Submodules/xcconfig;
			sourceTree = "<group>";
		};
		056E5C402DDF104D003254C7 /* Products */ = {
			isa = PBXGroup;
			children = (
				056E5C452DDF104D003254C7 /* SwiftFITS.framework */,
			);
			name = Products;
			sourceTree = "<group>";
		};
		056E5C492DDF1180003254C7 /* Supporting Files */ = {
			isa = PBXGroup;
			children = (
				0587FF092DDE64DF005DECEF /* Assets.xcassets */,
				0587FF0A2DDE64DF005DECEF /* FITScope.entitlements */,
				056E5C4E2DDF130E003254C7 /* Info.plist */,
				0587FF0C2DDE64DF005DECEF /* MainMenu.xib */,
			);
			name = "Supporting Files";
			sourceTree = "<group>";
		};
		056E5C4F2DDF134F003254C7 /* Frameworks */ = {
			isa = PBXGroup;
			children = (
				05398CE22DEECF4F005904EC /* SwiftUtilities.framework */,
			);
			name = Frameworks;
			sourceTree = "<group>";
		};
		0579B6132DF23D79002FDD47 /* Model */ = {
			isa = PBXGroup;
			children = (
				0579B6142DF23DB3002FDD47 /* FITSImage.swift */,
				0579B61B2DF245DE002FDD47 /* FITSImageInfo.swift */,
				0579B6192DF2453C002FDD47 /* FITSImageLoader.swift */,
				0579B61F2DF249A9002FDD47 /* FITSImageProperty.swift */,
				0579B6112DF220CD002FDD47 /* FITSImageRenderer.swift */,
				0579B61D2DF24998002FDD47 /* FITSImageSection.swift */,
				05C4BD752DF2E62200326B69 /* PreviewHelper.swift */,
			);
			path = Model;
			sourceTree = "<group>";
		};
		0579B6242DF2C120002FDD47 /* Preview Content */ = {
			isa = PBXGroup;
			children = (
				05DC79A62DF30DCC003E2AFA /* 2025-03-02_21-20-31_G252_B1x1_O7_T-9.80_F_10.00s_0000_H3.69.fits */,
				05DC79A82DF30DDB003E2AFA /* FOSy19g0309t_c2f.fits */,
				0579B6232DF2C120002FDD47 /* Preview Assets.xcassets */,
			);
			path = "Preview Content";
			sourceTree = "<group>";
		};
		0587FF0D2DDE64DF005DECEF /* FITScope */ = {
			isa = PBXGroup;
			children = (
				0579B6132DF23D79002FDD47 /* Model */,
				05D710C82DF200E300CE32E3 /* Views */,
				05D710C52DF2007D00CE32E3 /* Application */,
				05206B8A2DE0A0D900550A87 /* Extensions */,
				05206B8D2DE0C41000550A87 /* Image */,
				056E5C492DDF1180003254C7 /* Supporting Files */,
				0579B6242DF2C120002FDD47 /* Preview Content */,
			);
			path = FITScope;
			sourceTree = "<group>";
		};
		0587FF122DDE64E0005DECEF /* FITScopeTests */ = {
			isa = PBXGroup;
			children = (
				0587FF112DDE64E0005DECEF /* FITScopeTests.swift */,
			);
			path = FITScopeTests;
			sourceTree = "<group>";
		};
		0587FF162DDE64E3005DECEF /* FITScopeUITests */ = {
			isa = PBXGroup;
			children = (
				0587FF142DDE64E3005DECEF /* FITScopeUITests.swift */,
				0587FF152DDE64E3005DECEF /* FITScopeUITestsLaunchTests.swift */,
			);
			path = FITScopeUITests;
			sourceTree = "<group>";
		};
		05BD7A922DF311EB00F4AAFC /* ImageControls */ = {
			isa = PBXGroup;
			children = (
				05BD7A932DF311F200F4AAFC /* DebayerControlView.swift */,
				05BD7A952DF3120100F4AAFC /* GammaCorrectionControlView.swift */,
				05BD7A9B2DF3121800F4AAFC /* HistogramControlView.swift */,
				0524AD7D2DF3450200180358 /* HistogramStatisticsView.swift */,
				0524AD802DF3457C00180358 /* HistogramView.swift */,
				05BD7A972DF3120600F4AAFC /* StretchControlView.swift */,
				05BD7A992DF3121100F4AAFC /* WhiteBalanceControlView.swift */,
			);
			path = ImageControls;
			sourceTree = "<group>";
		};
		05D710C52DF2007D00CE32E3 /* Application */ = {
			isa = PBXGroup;
			children = (
				05D710D12DF2049800CE32E3 /* FITSDocument.swift */,
				05D710C42DF2007D00CE32E3 /* FITScopeApp.swift */,
			);
			path = Application;
			sourceTree = "<group>";
		};
		05D710C82DF200E300CE32E3 /* Views */ = {
			isa = PBXGroup;
			children = (
				05D710CC2DF2012500CE32E3 /* AboutView.swift */,
				05D710CA2DF200EE00CE32E3 /* DocumentView.swift */,
				05DC79A02DF2F827003E2AFA /* ErrorView.swift */,
				05DC79A42DF30503003E2AFA /* ImageView.swift */,
				05BD7A902DF3119000F4AAFC /* ImageControlsView.swift */,
				05BD7A922DF311EB00F4AAFC /* ImageControls */,
				0579B6212DF24C31002FDD47 /* InfoView.swift */,
				05C4BD732DF2E4F500326B69 /* InfoViewTable.swift */,
				05C4BD772DF2E7D000326B69 /* InfoViewTableCell.swift */,
				05DC79A22DF2FCF4003E2AFA /* LoadingView.swift */,
				05C4BD712DF2C9A000326B69 /* SearchField.swift */,
				053C2E742DF6EE3200DA637A /* Slider.swift */,
				05986B472DF892D300A55E77 /* SliderGridRowView.swift */,
			);
			path = Views;
			sourceTree = "<group>";
		};
/* End PBXGroup section */

/* Begin PBXNativeTarget section */
		053BEAA12DDDDDA800EF0C79 /* FITScope */ = {
			isa = PBXNativeTarget;
			buildConfigurationList = 053BEAC52DDDDDA900EF0C79 /* Build configuration list for PBXNativeTarget "FITScope" */;
			buildPhases = (
				053BEA9E2DDDDDA800EF0C79 /* Sources */,
				053BEA9F2DDDDDA800EF0C79 /* Frameworks */,
				053BEAA02DDDDDA800EF0C79 /* Resources */,
				056E5C532DDF1356003254C7 /* Embed Frameworks */,
			);
			buildRules = (
			);
			dependencies = (
			);
			name = FITScope;
			packageProductDependencies = (
			);
			productName = FITScope;
			productReference = 053BEAA22DDDDDA800EF0C79 /* FITScope.app */;
			productType = "com.apple.product-type.application";
		};
		053BEAB02DDDDDA900EF0C79 /* FITScopeTests */ = {
			isa = PBXNativeTarget;
			buildConfigurationList = 053BEAC82DDDDDA900EF0C79 /* Build configuration list for PBXNativeTarget "FITScopeTests" */;
			buildPhases = (
				053BEAAD2DDDDDA900EF0C79 /* Sources */,
				053BEAAE2DDDDDA900EF0C79 /* Frameworks */,
				053BEAAF2DDDDDA900EF0C79 /* Resources */,
			);
			buildRules = (
			);
			dependencies = (
				053BEAB32DDDDDA900EF0C79 /* PBXTargetDependency */,
			);
			name = FITScopeTests;
			packageProductDependencies = (
			);
			productName = FITScopeTests;
			productReference = 053BEAB12DDDDDA900EF0C79 /* FITScopeTests.xctest */;
			productType = "com.apple.product-type.bundle.unit-test";
		};
		053BEABA2DDDDDA900EF0C79 /* FITScopeUITests */ = {
			isa = PBXNativeTarget;
			buildConfigurationList = 053BEACB2DDDDDA900EF0C79 /* Build configuration list for PBXNativeTarget "FITScopeUITests" */;
			buildPhases = (
				053BEAB72DDDDDA900EF0C79 /* Sources */,
				053BEAB82DDDDDA900EF0C79 /* Frameworks */,
				053BEAB92DDDDDA900EF0C79 /* Resources */,
			);
			buildRules = (
			);
			dependencies = (
				053BEABD2DDDDDA900EF0C79 /* PBXTargetDependency */,
			);
			name = FITScopeUITests;
			packageProductDependencies = (
			);
			productName = FITScopeUITests;
			productReference = 053BEABB2DDDDDA900EF0C79 /* FITScopeUITests.xctest */;
			productType = "com.apple.product-type.bundle.ui-testing";
		};
/* End PBXNativeTarget section */

/* Begin PBXProject section */
		053BEA9A2DDDDDA800EF0C79 /* Project object */ = {
			isa = PBXProject;
			attributes = {
				BuildIndependentTargetsInParallel = 1;
				LastSwiftUpdateCheck = 1630;
				LastUpgradeCheck = 1630;
				TargetAttributes = {
					053BEAA12DDDDDA800EF0C79 = {
						CreatedOnToolsVersion = 16.3;
					};
					053BEAB02DDDDDA900EF0C79 = {
						CreatedOnToolsVersion = 16.3;
						TestTargetID = 053BEAA12DDDDDA800EF0C79;
					};
					053BEABA2DDDDDA900EF0C79 = {
						CreatedOnToolsVersion = 16.3;
						TestTargetID = 053BEAA12DDDDDA800EF0C79;
					};
				};
			};
			buildConfigurationList = 053BEA9D2DDDDDA800EF0C79 /* Build configuration list for PBXProject "FITScope" */;
			developmentRegion = en;
			hasScannedForEncodings = 0;
			knownRegions = (
				en,
				Base,
			);
			mainGroup = 053BEA992DDDDDA800EF0C79;
			minimizedProjectReferenceProxies = 1;
			preferredProjectObjectVersion = 77;
			productRefGroup = 053BEAA32DDDDDA800EF0C79 /* Products */;
			projectDirPath = "";
			projectReferences = (
				{
					ProductGroup = 056E5C402DDF104D003254C7 /* Products */;
					ProjectRef = 056E5C3F2DDF104D003254C7 /* SwiftFITS.xcodeproj */;
				},
				{
					ProductGroup = 050F38402DEEC2F000E84F97 /* Products */;
					ProjectRef = 050F383F2DEEC2F000E84F97 /* SwiftPixel.xcodeproj */;
				},
			);
			projectRoot = "";
			targets = (
				053BEAA12DDDDDA800EF0C79 /* FITScope */,
				053BEAB02DDDDDA900EF0C79 /* FITScopeTests */,
				053BEABA2DDDDDA900EF0C79 /* FITScopeUITests */,
			);
		};
/* End PBXProject section */

/* Begin PBXReferenceProxy section */
		050F38492DEEC2F000E84F97 /* SwiftPixel.framework */ = {
			isa = PBXReferenceProxy;
			fileType = wrapper.framework;
			path = SwiftPixel.framework;
			remoteRef = 050F38482DEEC2F000E84F97 /* PBXContainerItemProxy */;
			sourceTree = BUILT_PRODUCTS_DIR;
		};
		056E5C452DDF104D003254C7 /* SwiftFITS.framework */ = {
			isa = PBXReferenceProxy;
			fileType = wrapper.framework;
			path = SwiftFITS.framework;
			remoteRef = 056E5C442DDF104D003254C7 /* PBXContainerItemProxy */;
			sourceTree = BUILT_PRODUCTS_DIR;
		};
/* End PBXReferenceProxy section */

/* Begin PBXResourcesBuildPhase section */
		053BEAA02DDDDDA800EF0C79 /* Resources */ = {
			isa = PBXResourcesBuildPhase;
			buildActionMask = 2147483647;
			files = (
				05DC79A72DF30DCC003E2AFA /* 2025-03-02_21-20-31_G252_B1x1_O7_T-9.80_F_10.00s_0000_H3.69.fits in Resources */,
				05DC79A92DF30DDB003E2AFA /* FOSy19g0309t_c2f.fits in Resources */,
				0587FF0E2DDE64DF005DECEF /* Assets.xcassets in Resources */,
				0579B6252DF2C149002FDD47 /* Preview Assets.xcassets in Resources */,
				0587FF0F2DDE64DF005DECEF /* MainMenu.xib in Resources */,
			);
			runOnlyForDeploymentPostprocessing = 0;
		};
		053BEAAF2DDDDDA900EF0C79 /* Resources */ = {
			isa = PBXResourcesBuildPhase;
			buildActionMask = 2147483647;
			files = (
			);
			runOnlyForDeploymentPostprocessing = 0;
		};
		053BEAB92DDDDDA900EF0C79 /* Resources */ = {
			isa = PBXResourcesBuildPhase;
			buildActionMask = 2147483647;
			files = (
			);
			runOnlyForDeploymentPostprocessing = 0;
		};
/* End PBXResourcesBuildPhase section */

/* Begin PBXSourcesBuildPhase section */
		053BEA9E2DDDDDA800EF0C79 /* Sources */ = {
			isa = PBXSourcesBuildPhase;
			buildActionMask = 2147483647;
			files = (
				05986B482DF892D800A55E77 /* SliderGridRowView.swift in Sources */,
				0579B61A2DF24540002FDD47 /* FITSImageLoader.swift in Sources */,
				0579B6122DF220D1002FDD47 /* FITSImageRenderer.swift in Sources */,
				0524AD7E2DF3450400180358 /* HistogramStatisticsView.swift in Sources */,
				05DC79A12DF2F82A003E2AFA /* ErrorView.swift in Sources */,
				053C2E752DF6EE3300DA637A /* Slider.swift in Sources */,
				05BD7A9C2DF3121B00F4AAFC /* HistogramControlView.swift in Sources */,
				0579B61C2DF245E2002FDD47 /* FITSImageInfo.swift in Sources */,
				0579B61E2DF249A1002FDD47 /* FITSImageSection.swift in Sources */,
				05D710D02DF201C300CE32E3 /* NSBundle.swift in Sources */,
				05BD7A942DF311F700F4AAFC /* DebayerControlView.swift in Sources */,
				05BD7A912DF3119400F4AAFC /* ImageControlsView.swift in Sources */,
				05C4BD762DF2E62500326B69 /* PreviewHelper.swift in Sources */,
				0524AD812DF3457D00180358 /* HistogramView.swift in Sources */,
				05BD7A982DF3120E00F4AAFC /* StretchControlView.swift in Sources */,
				05BD7A9A2DF3121600F4AAFC /* WhiteBalanceControlView.swift in Sources */,
				0579B6202DF249AD002FDD47 /* FITSImageProperty.swift in Sources */,
				05C4BD722DF2C9A200326B69 /* SearchField.swift in Sources */,
				0579B6222DF24C33002FDD47 /* InfoView.swift in Sources */,
				056E5C652DDFA8EE003254C7 /* UTType.swift in Sources */,
				05206B8F2DE0C41C00550A87 /* ImageProcessor.swift in Sources */,
				05DC79A52DF3050B003E2AFA /* ImageView.swift in Sources */,
				05D710D22DF2049B00CE32E3 /* FITSDocument.swift in Sources */,
				05DC79A32DF2FCF8003E2AFA /* LoadingView.swift in Sources */,
				0579B6152DF23DB7002FDD47 /* FITSImage.swift in Sources */,
				05D710CB2DF200EF00CE32E3 /* DocumentView.swift in Sources */,
				05C4BD742DF2E4FD00326B69 /* InfoViewTable.swift in Sources */,
				05C4BD782DF2E7D600326B69 /* InfoViewTableCell.swift in Sources */,
				05D710C62DF2007D00CE32E3 /* FITScopeApp.swift in Sources */,
				05BD7A962DF3120400F4AAFC /* GammaCorrectionControlView.swift in Sources */,
				05D710CE2DF2012500CE32E3 /* AboutView.swift in Sources */,
			);
			runOnlyForDeploymentPostprocessing = 0;
		};
		053BEAAD2DDDDDA900EF0C79 /* Sources */ = {
			isa = PBXSourcesBuildPhase;
			buildActionMask = 2147483647;
			files = (
				0587FF132DDE64E0005DECEF /* FITScopeTests.swift in Sources */,
			);
			runOnlyForDeploymentPostprocessing = 0;
		};
		053BEAB72DDDDDA900EF0C79 /* Sources */ = {
			isa = PBXSourcesBuildPhase;
			buildActionMask = 2147483647;
			files = (
				0587FF172DDE64E3005DECEF /* FITScopeUITests.swift in Sources */,
				0587FF182DDE64E3005DECEF /* FITScopeUITestsLaunchTests.swift in Sources */,
			);
			runOnlyForDeploymentPostprocessing = 0;
		};
/* End PBXSourcesBuildPhase section */

/* Begin PBXTargetDependency section */
		053BEAB32DDDDDA900EF0C79 /* PBXTargetDependency */ = {
			isa = PBXTargetDependency;
			target = 053BEAA12DDDDDA800EF0C79 /* FITScope */;
			targetProxy = 053BEAB22DDDDDA900EF0C79 /* PBXContainerItemProxy */;
		};
		053BEABD2DDDDDA900EF0C79 /* PBXTargetDependency */ = {
			isa = PBXTargetDependency;
			target = 053BEAA12DDDDDA800EF0C79 /* FITScope */;
			targetProxy = 053BEABC2DDDDDA900EF0C79 /* PBXContainerItemProxy */;
		};
/* End PBXTargetDependency section */

/* Begin PBXVariantGroup section */
		0587FF0C2DDE64DF005DECEF /* MainMenu.xib */ = {
			isa = PBXVariantGroup;
			children = (
				0587FF0B2DDE64DF005DECEF /* Base */,
			);
			name = MainMenu.xib;
			sourceTree = "<group>";
		};
/* End PBXVariantGroup section */

/* Begin XCBuildConfiguration section */
		053BEAC32DDDDDA900EF0C79 /* Debug */ = {
			isa = XCBuildConfiguration;
			baseConfigurationReference = 056E5C362DDF1041003254C7 /* Debug.xcconfig */;
			buildSettings = {
				GCC_INSTRUMENT_PROGRAM_FLOW_ARCS = NO;
				MACOSX_DEPLOYMENT_TARGET = 15.0;
				SWIFT_VERSION = 6.0;
			};
			name = Debug;
		};
		053BEAC42DDDDDA900EF0C79 /* Release */ = {
			isa = XCBuildConfiguration;
			baseConfigurationReference = 056E5C3B2DDF1041003254C7 /* Release.xcconfig */;
			buildSettings = {
				GCC_INSTRUMENT_PROGRAM_FLOW_ARCS = NO;
				MACOSX_DEPLOYMENT_TARGET = 15.0;
				SWIFT_VERSION = 6.0;
			};
			name = Release;
		};
		053BEAC62DDDDDA900EF0C79 /* Debug */ = {
			isa = XCBuildConfiguration;
			buildSettings = {
				ASSETCATALOG_COMPILER_APPICON_NAME = AppIcon;
				ASSETCATALOG_COMPILER_GLOBAL_ACCENT_COLOR_NAME = AccentColor;
				CODE_SIGN_ENTITLEMENTS = FITScope/FITScope.entitlements;
				DEVELOPMENT_ASSET_PATHS = "\"FITScope/Preview Content\"";
				INFOPLIST_FILE = FITScope/Info.plist;
				LD_RUNPATH_SEARCH_PATHS = (
					"$(inherited)",
					"@executable_path/../Frameworks",
				);
				PRODUCT_BUNDLE_IDENTIFIER = "com.xs-labs.FITScope";
				PRODUCT_NAME = "$(TARGET_NAME)";
			};
			name = Debug;
		};
		053BEAC72DDDDDA900EF0C79 /* Release */ = {
			isa = XCBuildConfiguration;
			buildSettings = {
				ASSETCATALOG_COMPILER_APPICON_NAME = AppIcon;
				ASSETCATALOG_COMPILER_GLOBAL_ACCENT_COLOR_NAME = AccentColor;
				CODE_SIGN_ENTITLEMENTS = FITScope/FITScope.entitlements;
				DEVELOPMENT_ASSET_PATHS = "\"FITScope/Preview Content\"";
				INFOPLIST_FILE = FITScope/Info.plist;
				LD_RUNPATH_SEARCH_PATHS = (
					"$(inherited)",
					"@executable_path/../Frameworks",
				);
				PRODUCT_BUNDLE_IDENTIFIER = "com.xs-labs.FITScope";
				PRODUCT_NAME = "$(TARGET_NAME)";
			};
			name = Release;
		};
		053BEAC92DDDDDA900EF0C79 /* Debug */ = {
			isa = XCBuildConfiguration;
			buildSettings = {
				BUNDLE_LOADER = "$(TEST_HOST)";
				CURRENT_PROJECT_VERSION = 1;
				GENERATE_INFOPLIST_FILE = YES;
				MARKETING_VERSION = 1.0.0;
				PRODUCT_BUNDLE_IDENTIFIER = "com.xs-labs.FITScopeTests";
				PRODUCT_NAME = "$(TARGET_NAME)";
				TEST_HOST = "$(BUILT_PRODUCTS_DIR)/FITScope.app/$(BUNDLE_EXECUTABLE_FOLDER_PATH)/FITScope";
			};
			name = Debug;
		};
		053BEACA2DDDDDA900EF0C79 /* Release */ = {
			isa = XCBuildConfiguration;
			buildSettings = {
				BUNDLE_LOADER = "$(TEST_HOST)";
				CURRENT_PROJECT_VERSION = 1;
				GENERATE_INFOPLIST_FILE = YES;
				MARKETING_VERSION = 1.0.0;
				PRODUCT_BUNDLE_IDENTIFIER = "com.xs-labs.FITScopeTests";
				PRODUCT_NAME = "$(TARGET_NAME)";
				TEST_HOST = "$(BUILT_PRODUCTS_DIR)/FITScope.app/$(BUNDLE_EXECUTABLE_FOLDER_PATH)/FITScope";
			};
			name = Release;
		};
		053BEACC2DDDDDA900EF0C79 /* Debug */ = {
			isa = XCBuildConfiguration;
			buildSettings = {
				CURRENT_PROJECT_VERSION = 1;
				GENERATE_INFOPLIST_FILE = YES;
				MARKETING_VERSION = 1.0.0;
				PRODUCT_BUNDLE_IDENTIFIER = "com.xs-labs.FITScopeUITests";
				PRODUCT_NAME = "$(TARGET_NAME)";
				TEST_TARGET_NAME = FITScope;
			};
			name = Debug;
		};
		053BEACD2DDDDDA900EF0C79 /* Release */ = {
			isa = XCBuildConfiguration;
			buildSettings = {
				CURRENT_PROJECT_VERSION = 1;
				GENERATE_INFOPLIST_FILE = YES;
				MARKETING_VERSION = 1.0.0;
				PRODUCT_BUNDLE_IDENTIFIER = "com.xs-labs.FITScopeUITests";
				PRODUCT_NAME = "$(TARGET_NAME)";
				TEST_TARGET_NAME = FITScope;
			};
			name = Release;
		};
/* End XCBuildConfiguration section */

/* Begin XCConfigurationList section */
		053BEA9D2DDDDDA800EF0C79 /* Build configuration list for PBXProject "FITScope" */ = {
			isa = XCConfigurationList;
			buildConfigurations = (
				053BEAC32DDDDDA900EF0C79 /* Debug */,
				053BEAC42DDDDDA900EF0C79 /* Release */,
			);
			defaultConfigurationIsVisible = 0;
			defaultConfigurationName = Release;
		};
		053BEAC52DDDDDA900EF0C79 /* Build configuration list for PBXNativeTarget "FITScope" */ = {
			isa = XCConfigurationList;
			buildConfigurations = (
				053BEAC62DDDDDA900EF0C79 /* Debug */,
				053BEAC72DDDDDA900EF0C79 /* Release */,
			);
			defaultConfigurationIsVisible = 0;
			defaultConfigurationName = Release;
		};
		053BEAC82DDDDDA900EF0C79 /* Build configuration list for PBXNativeTarget "FITScopeTests" */ = {
			isa = XCConfigurationList;
			buildConfigurations = (
				053BEAC92DDDDDA900EF0C79 /* Debug */,
				053BEACA2DDDDDA900EF0C79 /* Release */,
			);
			defaultConfigurationIsVisible = 0;
			defaultConfigurationName = Release;
		};
		053BEACB2DDDDDA900EF0C79 /* Build configuration list for PBXNativeTarget "FITScopeUITests" */ = {
			isa = XCConfigurationList;
			buildConfigurations = (
				053BEACC2DDDDDA900EF0C79 /* Debug */,
				053BEACD2DDDDDA900EF0C79 /* Release */,
			);
			defaultConfigurationIsVisible = 0;
			defaultConfigurationName = Release;
		};
/* End XCConfigurationList section */
	};
	rootObject = 053BEA9A2DDDDDA800EF0C79 /* Project object */;
}
